
Microsoft Visual Studio Solution File, Format Version 12.00
# Visual Studio Version 16
VisualStudioVersion = 16.0.30907.101
MinimumVisualStudioVersion = 10.0.40219.1
Project("{FAE04EC0-301F-11D3-BF4B-00C04F79EFBC}") = "HelloVisitor", "HelloMariam\HelloVisitor.csproj", "{1BBA8754-D3F5-4289-8896-BD7FB9EB39AF}"
EndProject
Global
	GlobalSection(SolutionConfigurationPlatforms) = preSolution
		Debug|Any CPU = Debug|Any CPU
		Release|Any CPU = Release|Any CPU
	EndGlobalSection
	GlobalSection(ProjectConfigurationPlatforms) = postSolution
		{1BBA8754-D3F5-4289-8896-BD7FB9EB39AF}.Debug|Any CPU.ActiveCfg = Debug|Any CPU
		{1BBA8754-D3F5-4289-8896-BD7FB9EB39AF}.Debug|Any CPU.Build.0 = Debug|Any CPU
		{1BBA8754-D3F5-4289-8896-BD7FB9EB39AF}.Release|Any CPU.ActiveCfg = Release|Any CPU
		{1BBA8754-D3F5-4289-8896-BD7FB9EB39AF}.Release|Any CPU.Build.0 = Release|Any CPU
	EndGlobalSection
	GlobalSection(SolutionProperties) = preSolution
		HideSolutionNode = FALSE
	EndGlobalSection
	GlobalSection(ExtensibilityGlobals) = postSolution
		SolutionGuid = {CEA8A2DE-3BEB-44CF-9055-A86A2BD9460E}
	EndGlobalSection
EndGlobal
